
Microsoft Visual Studio Solution File, Format Version 12.00
# Visual Studio 15
VisualStudioVersion = 15.0.28010.2046
MinimumVisualStudioVersion = 10.0.40219.1
Project("{F184B08F-C81C-45F6-A57F-5ABD9991F28F}") = "ConsoleAppNeuro", "ConsoleAppNeuro\ConsoleAppNeuro.vbproj", "{97D70D8C-6068-4CC0-8BC0-83AE53D38598}"
	ProjectSection(ProjectDependencies) = postProject
		{A1094CFE-5981-4981-90A9-135E5F70F04C} = {A1094CFE-5981-4981-90A9-135E5F70F04C}
	EndProjectSection
EndProject
Project("{F184B08F-C81C-45F6-A57F-5ABD9991F28F}") = "NeuralNetwork", "NeuralNetwork\NeuralNetwork.vbproj", "{A1094CFE-5981-4981-90A9-135E5F70F04C}"
EndProject
Project("{F184B08F-C81C-45F6-A57F-5ABD9991F28F}") = "TestPaintNeuro", "TestPaintNeuro\TestPaintNeuro.vbproj", "{849E0FCF-2D45-43FD-B3C8-206D3B5DFE4A}"
EndProject
Project("{F184B08F-C81C-45F6-A57F-5ABD9991F28F}") = "NeuralVisualizer", "NeuralVisualizer\NeuralVisualizer.vbproj", "{B6AC88FA-FC40-4C06-A849-CDFC05726A93}"
EndProject
Global
	GlobalSection(Performance) = preSolution
		HasPerformanceSessions = true
	EndGlobalSection
	GlobalSection(SolutionConfigurationPlatforms) = preSolution
		Debug|Any CPU = Debug|Any CPU
		Release|Any CPU = Release|Any CPU
	EndGlobalSection
	GlobalSection(ProjectConfigurationPlatforms) = postSolution
		{97D70D8C-6068-4CC0-8BC0-83AE53D38598}.Debug|Any CPU.ActiveCfg = Debug|Any CPU
		{97D70D8C-6068-4CC0-8BC0-83AE53D38598}.Debug|Any CPU.Build.0 = Debug|Any CPU
		{97D70D8C-6068-4CC0-8BC0-83AE53D38598}.Release|Any CPU.ActiveCfg = Release|Any CPU
		{97D70D8C-6068-4CC0-8BC0-83AE53D38598}.Release|Any CPU.Build.0 = Release|Any CPU
		{A1094CFE-5981-4981-90A9-135E5F70F04C}.Debug|Any CPU.ActiveCfg = Debug|Any CPU
		{A1094CFE-5981-4981-90A9-135E5F70F04C}.Debug|Any CPU.Build.0 = Debug|Any CPU
		{A1094CFE-5981-4981-90A9-135E5F70F04C}.Release|Any CPU.ActiveCfg = Release|Any CPU
		{A1094CFE-5981-4981-90A9-135E5F70F04C}.Release|Any CPU.Build.0 = Release|Any CPU
		{849E0FCF-2D45-43FD-B3C8-206D3B5DFE4A}.Debug|Any CPU.ActiveCfg = Debug|Any CPU
		{849E0FCF-2D45-43FD-B3C8-206D3B5DFE4A}.Debug|Any CPU.Build.0 = Debug|Any CPU
		{849E0FCF-2D45-43FD-B3C8-206D3B5DFE4A}.Release|Any CPU.ActiveCfg = Release|Any CPU
		{849E0FCF-2D45-43FD-B3C8-206D3B5DFE4A}.Release|Any CPU.Build.0 = Release|Any CPU
		{B6AC88FA-FC40-4C06-A849-CDFC05726A93}.Debug|Any CPU.ActiveCfg = Debug|Any CPU
		{B6AC88FA-FC40-4C06-A849-CDFC05726A93}.Debug|Any CPU.Build.0 = Debug|Any CPU
		{B6AC88FA-FC40-4C06-A849-CDFC05726A93}.Release|Any CPU.ActiveCfg = Release|Any CPU
		{B6AC88FA-FC40-4C06-A849-CDFC05726A93}.Release|Any CPU.Build.0 = Release|Any CPU
	EndGlobalSection
	GlobalSection(SolutionProperties) = preSolution
		HideSolutionNode = FALSE
	EndGlobalSection
	GlobalSection(ExtensibilityGlobals) = postSolution
		SolutionGuid = {2C19E920-F558-40F8-906D-4C30E9F5CCB0}
	EndGlobalSection
EndGlobal
